// !$*UTF8*$!
{
	archiveVersion = 1;
	classes = {
	};
	objectVersion = 50;
	objects = {

/* Begin PBXBuildFile section */
		C94A43F425729E9200DFC1A7 /* Tutorial_MVVM_001App.swift in Sources */ = {isa = PBXBuildFile; fileRef = C94A43F325729E9200DFC1A7 /* Tutorial_MVVM_001App.swift */; };
		C94A43F625729E9200DFC1A7 /* ContentView.swift in Sources */ = {isa = PBXBuildFile; fileRef = C94A43F525729E9200DFC1A7 /* ContentView.swift */; };
		C94A43F825729E9300DFC1A7 /* Assets.xcassets in Resources */ = {isa = PBXBuildFile; fileRef = C94A43F725729E9300DFC1A7 /* Assets.xcassets */; };
		C94A43FB25729E9300DFC1A7 /* Preview Assets.xcassets in Resources */ = {isa = PBXBuildFile; fileRef = C94A43FA25729E9300DFC1A7 /* Preview Assets.xcassets */; };
		C94A440425729EAC00DFC1A7 /* PeopleView.swift in Sources */ = {isa = PBXBuildFile; fileRef = C94A440325729EAC00DFC1A7 /* PeopleView.swift */; };
		C94A440725729EBB00DFC1A7 /* PeopleViewModel.swift in Sources */ = {isa = PBXBuildFile; fileRef = C94A440625729EBB00DFC1A7 /* PeopleViewModel.swift */; };
		C94A440A25729ECF00DFC1A7 /* PeopleModel.swift in Sources */ = {isa = PBXBuildFile; fileRef = C94A440925729ECF00DFC1A7 /* PeopleModel.swift */; };
/* End PBXBuildFile section */

/* Begin PBXFileReference section */
		C94A43F025729E9200DFC1A7 /* Tutorial-MVVM-001.app */ = {isa = PBXFileReference; explicitFileType = wrapper.application; includeInIndex = 0; path = "Tutorial-MVVM-001.app"; sourceTree = BUILT_PRODUCTS_DIR; };
		C94A43F325729E9200DFC1A7 /* Tutorial_MVVM_001App.swift */ = {isa = PBXFileReference; lastKnownFileType = sourcecode.swift; path = Tutorial_MVVM_001App.swift; sourceTree = "<group>"; };
		C94A43F525729E9200DFC1A7 /* ContentView.swift */ = {isa = PBXFileReference; lastKnownFileType = sourcecode.swift; path = ContentView.swift; sourceTree = "<group>"; };
		C94A43F725729E9300DFC1A7 /* Assets.xcassets */ = {isa = PBXFileReference; lastKnownFileType = folder.assetcatalog; path = Assets.xcassets; sourceTree = "<group>"; };
		C94A43FA25729E9300DFC1A7 /* Preview Assets.xcassets */ = {isa = PBXFileReference; lastKnownFileType = folder.assetcatalog; path = "Preview Assets.xcassets"; sourceTree = "<group>"; };
		C94A43FC25729E9300DFC1A7 /* Info.plist */ = {isa = PBXFileReference; lastKnownFileType = text.plist.xml; path = Info.plist; sourceTree = "<group>"; };
		C94A440325729EAC00DFC1A7 /* PeopleView.swift */ = {isa = PBXFileReference; lastKnownFileType = sourcecode.swift; path = PeopleView.swift; sourceTree = "<group>"; };
		C94A440625729EBB00DFC1A7 /* PeopleViewModel.swift */ = {isa = PBXFileReference; lastKnownFileType = sourcecode.swift; path = PeopleViewModel.swift; sourceTree = "<group>"; };
		C94A440925729ECF00DFC1A7 /* PeopleModel.swift */ = {isa = PBXFileReference; lastKnownFileType = sourcecode.swift; path = PeopleModel.swift; sourceTree = "<group>"; };
/* End PBXFileReference section */

/* Begin PBXFrameworksBuildPhase section */
		C94A43ED25729E9200DFC1A7 /* Frameworks */ = {
			isa = PBXFrameworksBuildPhase;
			buildActionMask = 2147483647;
			files = (
			);
			runOnlyForDeploymentPostprocessing = 0;
		};
/* End PBXFrameworksBuildPhase section */

/* Begin PBXGroup section */
		C94A43E725729E9100DFC1A7 = {
			isa = PBXGroup;
			children = (
				C94A43F225729E9200DFC1A7 /* Tutorial-MVVM-001 */,
				C94A43F125729E9200DFC1A7 /* Products */,
			);
			sourceTree = "<group>";
		};
		C94A43F125729E9200DFC1A7 /* Products */ = {
			isa = PBXGroup;
			children = (
				C94A43F025729E9200DFC1A7 /* Tutorial-MVVM-001.app */,
			);
			name = Products;
			sourceTree = "<group>";
		};
		C94A43F225729E9200DFC1A7 /* Tutorial-MVVM-001 */ = {
			isa = PBXGroup;
			children = (
				C94A43F325729E9200DFC1A7 /* Tutorial_MVVM_001App.swift */,
				C94A43F525729E9200DFC1A7 /* ContentView.swift */,
				C94A440925729ECF00DFC1A7 /* PeopleModel.swift */,
				C94A440325729EAC00DFC1A7 /* PeopleView.swift */,
				C94A440625729EBB00DFC1A7 /* PeopleViewModel.swift */,
				C94A43F725729E9300DFC1A7 /* Assets.xcassets */,
				C94A43FC25729E9300DFC1A7 /* Info.plist */,
				C94A43F925729E9300DFC1A7 /* Preview Content */,
			);
			path = "Tutorial-MVVM-001";
			sourceTree = "<group>";
		};
		C94A43F925729E9300DFC1A7 /* Preview Content */ = {
			isa = PBXGroup;
			children = (
				C94A43FA25729E9300DFC1A7 /* Preview Assets.xcassets */,
			);
			path = "Preview Content";
			sourceTree = "<group>";
		};
/* End PBXGroup section */

/* Begin PBXNativeTarget section */
		C94A43EF25729E9200DFC1A7 /* Tutorial-MVVM-001 */ = {
			isa = PBXNativeTarget;
			buildConfigurationList = C94A43FF25729E9300DFC1A7 /* Build configuration list for PBXNativeTarget "Tutorial-MVVM-001" */;
			buildPhases = (
				C94A43EC25729E9200DFC1A7 /* Sources */,
				C94A43ED25729E9200DFC1A7 /* Frameworks */,
				C94A43EE25729E9200DFC1A7 /* Resources */,
			);
			buildRules = (
			);
			dependencies = (
			);
			name = "Tutorial-MVVM-001";
			productName = "Tutorial-MVVM-001";
			productReference = C94A43F025729E9200DFC1A7 /* Tutorial-MVVM-001.app */;
			productType = "com.apple.product-type.application";
		};
/* End PBXNativeTarget section */

/* Begin PBXProject section */
		C94A43E825729E9100DFC1A7 /* Project object */ = {
			isa = PBXProject;
			attributes = {
				LastSwiftUpdateCheck = 1220;
				LastUpgradeCheck = 1220;
				TargetAttributes = {
					C94A43EF25729E9200DFC1A7 = {
						CreatedOnToolsVersion = 12.2;
					};
				};
			};
			buildConfigurationList = C94A43EB25729E9100DFC1A7 /* Build configuration list for PBXProject "Tutorial-MVVM-001" */;
			compatibilityVersion = "Xcode 9.3";
			developmentRegion = en;
			hasScannedForEncodings = 0;
			knownRegions = (
				en,
				Base,
			);
			mainGroup = C94A43E725729E9100DFC1A7;
			productRefGroup = C94A43F125729E9200DFC1A7 /* Products */;
			projectDirPath = "";
			projectRoot = "";
			targets = (
				C94A43EF25729E9200DFC1A7 /* Tutorial-MVVM-001 */,
			);
		};
/* End PBXProject section */

/* Begin PBXResourcesBuildPhase section */
		C94A43EE25729E9200DFC1A7 /* Resources */ = {
			isa = PBXResourcesBuildPhase;
			buildActionMask = 2147483647;
			files = (
				C94A43FB25729E9300DFC1A7 /* Preview Assets.xcassets in Resources */,
				C94A43F825729E9300DFC1A7 /* Assets.xcassets in Resources */,
			);
			runOnlyForDeploymentPostprocessing = 0;
		};
/* End PBXResourcesBuildPhase section */

/* Begin PBXSourcesBuildPhase section */
		C94A43EC25729E9200DFC1A7 /* Sources */ = {
			isa = PBXSourcesBuildPhase;
			buildActionMask = 2147483647;
			files = (
				C94A440A25729ECF00DFC1A7 /* PeopleModel.swift in Sources */,
				C94A43F625729E9200DFC1A7 /* ContentView.swift in Sources */,
				C94A440725729EBB00DFC1A7 /* PeopleViewModel.swift in Sources */,
				C94A43F425729E9200DFC1A7 /* Tutorial_MVVM_001App.swift in Sources */,
				C94A440425729EAC00DFC1A7 /* PeopleView.swift in Sources */,
			);
			runOnlyForDeploymentPostprocessing = 0;
		};
/* End PBXSourcesBuildPhase section */

/* Begin XCBuildConfiguration section */
		C94A43FD25729E9300DFC1A7 /* Debug */ = {
			isa = XCBuildConfiguration;
			buildSettings = {
				ALWAYS_SEARCH_USER_PATHS = NO;
				CLANG_ANALYZER_NONNULL = YES;
				CLANG_ANALYZER_NUMBER_OBJECT_CONVERSION = YES_AGGRESSIVE;
				CLANG_CXX_LANGUAGE_STANDARD = "gnu++14";
				CLANG_CXX_LIBRARY = "libc++";
				CLANG_ENABLE_MODULES = YES;
				CLANG_ENABLE_OBJC_ARC = YES;
				CLANG_ENABLE_OBJC_WEAK = YES;
				CLANG_WARN_BLOCK_CAPTURE_AUTORELEASING = YES;
				CLANG_WARN_BOOL_CONVERSION = YES;
				CLANG_WARN_COMMA = YES;
				CLANG_WARN_CONSTANT_CONVERSION = YES;
				CLANG_WARN_DEPRECATED_OBJC_IMPLEMENTATIONS = YES;
				CLANG_WARN_DIRECT_OBJC_ISA_USAGE = YES_ERROR;
				CLANG_WARN_DOCUMENTATION_COMMENTS = YES;
				CLANG_WARN_EMPTY_BODY = YES;
				CLANG_WARN_ENUM_CONVERSION = YES;
				CLANG_WARN_INFINITE_RECURSION = YES;
				CLANG_WARN_INT_CONVERSION = YES;
				CLANG_WARN_NON_LITERAL_NULL_CONVERSION = YES;
				CLANG_WARN_OBJC_IMPLICIT_RETAIN_SELF = YES;
				CLANG_WARN_OBJC_LITERAL_CONVERSION = YES;
				CLANG_WARN_OBJC_ROOT_CLASS = YES_ERROR;
				CLANG_WARN_QUOTED_INCLUDE_IN_FRAMEWORK_HEADER = YES;
				CLANG_WARN_RANGE_LOOP_ANALYSIS = YES;
				CLANG_WARN_STRICT_PROTOTYPES = YES;
				CLANG_WARN_SUSPICIOUS_MOVE = YES;
				CLANG_WARN_UNGUARDED_AVAILABILITY = YES_AGGRESSIVE;
				CLANG_WARN_UNREACHABLE_CODE = YES;
				CLANG_WARN__DUPLICATE_METHOD_MATCH = YES;
				COPY_PHASE_STRIP = NO;
				DEBUG_INFORMATION_FORMAT = dwarf;
				ENABLE_STRICT_OBJC_MSGSEND = YES;
				ENABLE_TESTABILITY = YES;
				GCC_C_LANGUAGE_STANDARD = gnu11;
				GCC_DYNAMIC_NO_PIC = NO;
				GCC_NO_COMMON_BLOCKS = YES;
				GCC_OPTIMIZATION_LEVEL = 0;
				GCC_PREPROCESSOR_DEFINITIONS = (
					"DEBUG=1",
					"$(inherited)",
				);
				GCC_WARN_64_TO_32_BIT_CONVERSION = YES;
				GCC_WARN_ABOUT_RETURN_TYPE = YES_ERROR;
				GCC_WARN_UNDECLARED_SELECTOR = YES;
				GCC_WARN_UNINITIALIZED_AUTOS = YES_AGGRESSIVE;
				GCC_WARN_UNUSED_FUNCTION = YES;
				GCC_WARN_UNUSED_VARIABLE = YES;
				IPHONEOS_DEPLOYMENT_TARGET = 14.2;
				MTL_ENABLE_DEBUG_INFO = INCLUDE_SOURCE;
				MTL_FAST_MATH = YES;
				ONLY_ACTIVE_ARCH = YES;
				SDKROOT = iphoneos;
				SWIFT_ACTIVE_COMPILATION_CONDITIONS = DEBUG;
				SWIFT_OPTIMIZATION_LEVEL = "-Onone";
			};
			name = Debug;
		};
		C94A43FE25729E9300DFC1A7 /* Release */ = {
			isa = XCBuildConfiguration;
			buildSettings = {
				ALWAYS_SEARCH_USER_PATHS = NO;
				CLANG_ANALYZER_NONNULL = YES;
				CLANG_ANALYZER_NUMBER_OBJECT_CONVERSION = YES_AGGRESSIVE;
				CLANG_CXX_LANGUAGE_STANDARD = "gnu++14";
				CLANG_CXX_LIBRARY = "libc++";
				CLANG_ENABLE_MODULES = YES;
				CLANG_ENABLE_OBJC_ARC = YES;
				CLANG_ENABLE_OBJC_WEAK = YES;
				CLANG_WARN_BLOCK_CAPTURE_AUTORELEASING = YES;
				CLANG_WARN_BOOL_CONVERSION = YES;
				CLANG_WARN_COMMA = YES;
				CLANG_WARN_CONSTANT_CONVERSION = YES;
				CLANG_WARN_DEPRECATED_OBJC_IMPLEMENTATIONS = YES;
				CLANG_WARN_DIRECT_OBJC_ISA_USAGE = YES_ERROR;
				CLANG_WARN_DOCUMENTATION_COMMENTS = YES;
				CLANG_WARN_EMPTY_BODY = YES;
				CLANG_WARN_ENUM_CONVERSION = YES;
				CLANG_WARN_INFINITE_RECURSION = YES;
				CLANG_WARN_INT_CONVERSION = YES;
				CLANG_WARN_NON_LITERAL_NULL_CONVERSION = YES;
				CLANG_WARN_OBJC_IMPLICIT_RETAIN_SELF = YES;
				CLANG_WARN_OBJC_LITERAL_CONVERSION = YES;
				CLANG_WARN_OBJC_ROOT_CLASS = YES_ERROR;
				CLANG_WARN_QUOTED_INCLUDE_IN_FRAMEWORK_HEADER = YES;
				CLANG_WARN_RANGE_LOOP_ANALYSIS = YES;
				CLANG_WARN_STRICT_PROTOTYPES = YES;
				CLANG_WARN_SUSPICIOUS_MOVE = YES;
				CLANG_WARN_UNGUARDED_AVAILABILITY = YES_AGGRESSIVE;
				CLANG_WARN_UNREACHABLE_CODE = YES;
				CLANG_WARN__DUPLICATE_METHOD_MATCH = YES;
				COPY_PHASE_STRIP = NO;
				DEBUG_INFORMATION_FORMAT = "dwarf-with-dsym";
				ENABLE_NS_ASSERTIONS = NO;
				ENABLE_STRICT_OBJC_MSGSEND = YES;
				GCC_C_LANGUAGE_STANDARD = gnu11;
				GCC_NO_COMMON_BLOCKS = YES;
				GCC_WARN_64_TO_32_BIT_CONVERSION = YES;
				GCC_WARN_ABOUT_RETURN_TYPE = YES_ERROR;
				GCC_WARN_UNDECLARED_SELECTOR = YES;
				GCC_WARN_UNINITIALIZED_AUTOS = YES_AGGRESSIVE;
				GCC_WARN_UNUSED_FUNCTION = YES;
				GCC_WARN_UNUSED_VARIABLE = YES;
				IPHONEOS_DEPLOYMENT_TARGET = 14.2;
				MTL_ENABLE_DEBUG_INFO = NO;
				MTL_FAST_MATH = YES;
				SDKROOT = iphoneos;
				SWIFT_COMPILATION_MODE = wholemodule;
				SWIFT_OPTIMIZATION_LEVEL = "-O";
				VALIDATE_PRODUCT = YES;
			};
			name = Release;
		};
		C94A440025729E9300DFC1A7 /* Debug */ = {
			isa = XCBuildConfiguration;
			buildSettings = {
				ASSETCATALOG_COMPILER_APPICON_NAME = AppIcon;
				ASSETCATALOG_COMPILER_GLOBAL_ACCENT_COLOR_NAME = AccentColor;
				CODE_SIGN_STYLE = Automatic;
				DEVELOPMENT_ASSET_PATHS = "\"Tutorial-MVVM-001/Preview Content\"";
				DEVELOPMENT_TEAM = 5RUBC6NHSK;
				ENABLE_PREVIEWS = YES;
				INFOPLIST_FILE = "Tutorial-MVVM-001/Info.plist";
				IPHONEOS_DEPLOYMENT_TARGET = 14.0;
				LD_RUNPATH_SEARCH_PATHS = (
					"$(inherited)",
					"@executable_path/Frameworks",
				);
				PRODUCT_BUNDLE_IDENTIFIER = "ai.maray.Tutorial-MVVM-001";
				PRODUCT_NAME = "$(TARGET_NAME)";
				SWIFT_VERSION = 5.0;
				TARGETED_DEVICE_FAMILY = "1,2";
			};
			name = Debug;
		};
		C94A440125729E9300DFC1A7 /* Release */ = {
			isa = XCBuildConfiguration;
			buildSettings = {
				ASSETCATALOG_COMPILER_APPICON_NAME = AppIcon;
				ASSETCATALOG_COMPILER_GLOBAL_ACCENT_COLOR_NAME = AccentColor;
				CODE_SIGN_STYLE = Automatic;
				DEVELOPMENT_ASSET_PATHS = "\"Tutorial-MVVM-001/Preview Content\"";
				DEVELOPMENT_TEAM = 5RUBC6NHSK;
				ENABLE_PREVIEWS = YES;
				INFOPLIST_FILE = "Tutorial-MVVM-001/Info.plist";
				IPHONEOS_DEPLOYMENT_TARGET = 14.0;
				LD_RUNPATH_SEARCH_PATHS = (
					"$(inherited)",
					"@executable_path/Frameworks",
				);
				PRODUCT_BUNDLE_IDENTIFIER = "ai.maray.Tutorial-MVVM-001";
				PRODUCT_NAME = "$(TARGET_NAME)";
				SWIFT_VERSION = 5.0;
				TARGETED_DEVICE_FAMILY = "1,2";
			};
			name = Release;
		};
/* End XCBuildConfiguration section */

/* Begin XCConfigurationList section */
		C94A43EB25729E9100DFC1A7 /* Build configuration list for PBXProject "Tutorial-MVVM-001" */ = {
			isa = XCConfigurationList;
			buildConfigurations = (
				C94A43FD25729E9300DFC1A7 /* Debug */,
				C94A43FE25729E9300DFC1A7 /* Release */,
			);
			defaultConfigurationIsVisible = 0;
			defaultConfigurationName = Release;
		};
		C94A43FF25729E9300DFC1A7 /* Build configuration list for PBXNativeTarget "Tutorial-MVVM-001" */ = {
			isa = XCConfigurationList;
			buildConfigurations = (
				C94A440025729E9300DFC1A7 /* Debug */,
				C94A440125729E9300DFC1A7 /* Release */,
			);
			defaultConfigurationIsVisible = 0;
			defaultConfigurationName = Release;
		};
/* End XCConfigurationList section */
	};
	rootObject = C94A43E825729E9100DFC1A7 /* Project object */;
}
